
Microsoft Visual Studio Solution File, Format Version 12.00
# Visual Studio Version 16
VisualStudioVersion = 16.0.30907.101
MinimumVisualStudioVersion = 10.0.40219.1
Project("{9A19103F-16F7-4668-BE54-9A1E7A4F7556}") = "AzureDevopsTest", "AzureDevopsTest\AzureDevopsTest.csproj", "{02C6EC8D-FC72-4602-B078-8FD0E038213D}"
EndProject
Global
	GlobalSection(SolutionConfigurationPlatforms) = preSolution
		Debug|Any CPU = Debug|Any CPU
		Release|Any CPU = Release|Any CPU
	EndGlobalSection
	GlobalSection(ProjectConfigurationPlatforms) = postSolution
		{02C6EC8D-FC72-4602-B078-8FD0E038213D}.Debug|Any CPU.ActiveCfg = Debug|Any CPU
		{02C6EC8D-FC72-4602-B078-8FD0E038213D}.Debug|Any CPU.Build.0 = Debug|Any CPU
		{02C6EC8D-FC72-4602-B078-8FD0E038213D}.Release|Any CPU.ActiveCfg = Release|Any CPU
		{02C6EC8D-FC72-4602-B078-8FD0E038213D}.Release|Any CPU.Build.0 = Release|Any CPU
	EndGlobalSection
	GlobalSection(SolutionProperties) = preSolution
		HideSolutionNode = FALSE
	EndGlobalSection
	GlobalSection(ExtensibilityGlobals) = postSolution
		SolutionGuid = {01F3C740-B0EC-4691-B651-C1F601E40EA6}
	EndGlobalSection
EndGlobal
